
Microsoft Visual Studio Solution File, Format Version 12.00
# Visual Studio Version 17
VisualStudioVersion = 17.10.35027.167
MinimumVisualStudioVersion = 10.0.40219.1
Project("{8BC9CEB8-8B4A-11D0-8D11-00A0C91BC942}") = "OpenCV_Sample1", "OpenCV_Project\OpenCV_Project.vcxproj", "{C6FA85C3-6BB1-4A55-A082-071755A10010}"
EndProject
Project("{8BC9CEB8-8B4A-11D0-8D11-00A0C91BC942}") = "OpenCV_Sample2", "ConsoleApplication1\ConsoleApplication1.vcxproj", "{0A2BB4B5-8881-432D-9067-F768201CE2E5}"
EndProject
Project("{8BC9CEB8-8B4A-11D0-8D11-00A0C91BC942}") = "OpenCV_Main", "OpenCV_Main\OpenCV_Main.vcxproj", "{87FAB1FB-43BC-4178-9690-10007938B277}"
EndProject
Global
	GlobalSection(SolutionConfigurationPlatforms) = preSolution
		Debug|x64 = Debug|x64
		Debug|x86 = Debug|x86
		Release|x64 = Release|x64
		Release|x86 = Release|x86
	EndGlobalSection
	GlobalSection(ProjectConfigurationPlatforms) = postSolution
		{C6FA85C3-6BB1-4A55-A082-071755A10010}.Debug|x64.ActiveCfg = Debug|x64
		{C6FA85C3-6BB1-4A55-A082-071755A10010}.Debug|x64.Build.0 = Debug|x64
		{C6FA85C3-6BB1-4A55-A082-071755A10010}.Debug|x86.ActiveCfg = Debug|Win32
		{C6FA85C3-6BB1-4A55-A082-071755A10010}.Debug|x86.Build.0 = Debug|Win32
		{C6FA85C3-6BB1-4A55-A082-071755A10010}.Release|x64.ActiveCfg = Release|x64
		{C6FA85C3-6BB1-4A55-A082-071755A10010}.Release|x64.Build.0 = Release|x64
		{C6FA85C3-6BB1-4A55-A082-071755A10010}.Release|x86.ActiveCfg = Release|Win32
		{C6FA85C3-6BB1-4A55-A082-071755A10010}.Release|x86.Build.0 = Release|Win32
		{0A2BB4B5-8881-432D-9067-F768201CE2E5}.Debug|x64.ActiveCfg = Debug|x64
		{0A2BB4B5-8881-432D-9067-F768201CE2E5}.Debug|x64.Build.0 = Debug|x64
		{0A2BB4B5-8881-432D-9067-F768201CE2E5}.Debug|x86.ActiveCfg = Debug|Win32
		{0A2BB4B5-8881-432D-9067-F768201CE2E5}.Debug|x86.Build.0 = Debug|Win32
		{0A2BB4B5-8881-432D-9067-F768201CE2E5}.Release|x64.ActiveCfg = Release|x64
		{0A2BB4B5-8881-432D-9067-F768201CE2E5}.Release|x64.Build.0 = Release|x64
		{0A2BB4B5-8881-432D-9067-F768201CE2E5}.Release|x86.ActiveCfg = Release|Win32
		{0A2BB4B5-8881-432D-9067-F768201CE2E5}.Release|x86.Build.0 = Release|Win32
		{87FAB1FB-43BC-4178-9690-10007938B277}.Debug|x64.ActiveCfg = Debug|x64
		{87FAB1FB-43BC-4178-9690-10007938B277}.Debug|x64.Build.0 = Debug|x64
		{87FAB1FB-43BC-4178-9690-10007938B277}.Debug|x86.ActiveCfg = Debug|Win32
		{87FAB1FB-43BC-4178-9690-10007938B277}.Debug|x86.Build.0 = Debug|Win32
		{87FAB1FB-43BC-4178-9690-10007938B277}.Release|x64.ActiveCfg = Release|x64
		{87FAB1FB-43BC-4178-9690-10007938B277}.Release|x64.Build.0 = Release|x64
		{87FAB1FB-43BC-4178-9690-10007938B277}.Release|x86.ActiveCfg = Release|Win32
		{87FAB1FB-43BC-4178-9690-10007938B277}.Release|x86.Build.0 = Release|Win32
	EndGlobalSection
	GlobalSection(SolutionProperties) = preSolution
		HideSolutionNode = FALSE
	EndGlobalSection
	GlobalSection(ExtensibilityGlobals) = postSolution
		SolutionGuid = {E100413D-84A1-4B88-822A-B461D5C669BB}
	EndGlobalSection
EndGlobal
